
Microsoft Visual Studio Solution File, Format Version 12.00
# Visual Studio 15
VisualStudioVersion = 15.0.28010.2046
MinimumVisualStudioVersion = 10.0.40219.1
Project("{9A19103F-16F7-4668-BE54-9A1E7A4F7556}") = "Show Dashboard in the Viewer", "Show Dashboard in the Viewer\Show Dashboard in the Viewer.csproj", "{06A534EA-A30F-4A38-AB5E-A641528044BC}"
EndProject
Project("{9A19103F-16F7-4668-BE54-9A1E7A4F7556}") = "Edit Dashboard in the Designer", "Edit Dashboard in the Designer\Edit Dashboard in the Designer.csproj", "{D0CDCAB9-1A32-4B09-98D1-A66C6C0C7E08}"
EndProject
Project("{FAE04EC0-301F-11D3-BF4B-00C04F79EFBC}") = "Register Data for Dashboard Template", "Register Data for Dashboard Template\Register Data for Dashboard Template.csproj", "{5C430FF8-F619-438D-B849-80AB309153D0}"
EndProject
Project("{FAE04EC0-301F-11D3-BF4B-00C04F79EFBC}") = "Runtime Dashboard Creation", "Runtime Dashboard Creation\Runtime Dashboard Creation.csproj", "{57731630-5BBD-4A41-B7BE-B88DEE5BC211}"
EndProject
Project("{FAE04EC0-301F-11D3-BF4B-00C04F79EFBC}") = "Web Demo", "Web Demo\Web Demo.csproj", "{8E31333C-B479-4091-A9EE-3A18DC6E2251}"
EndProject
Global
	GlobalSection(SolutionConfigurationPlatforms) = preSolution
		Debug|Any CPU = Debug|Any CPU
		Release|Any CPU = Release|Any CPU
	EndGlobalSection
	GlobalSection(ProjectConfigurationPlatforms) = postSolution
		{06A534EA-A30F-4A38-AB5E-A641528044BC}.Debug|Any CPU.ActiveCfg = Debug|Any CPU
		{06A534EA-A30F-4A38-AB5E-A641528044BC}.Debug|Any CPU.Build.0 = Debug|Any CPU
		{06A534EA-A30F-4A38-AB5E-A641528044BC}.Release|Any CPU.ActiveCfg = Release|Any CPU
		{06A534EA-A30F-4A38-AB5E-A641528044BC}.Release|Any CPU.Build.0 = Release|Any CPU
		{D0CDCAB9-1A32-4B09-98D1-A66C6C0C7E08}.Debug|Any CPU.ActiveCfg = Debug|Any CPU
		{D0CDCAB9-1A32-4B09-98D1-A66C6C0C7E08}.Debug|Any CPU.Build.0 = Debug|Any CPU
		{D0CDCAB9-1A32-4B09-98D1-A66C6C0C7E08}.Release|Any CPU.ActiveCfg = Release|Any CPU
		{D0CDCAB9-1A32-4B09-98D1-A66C6C0C7E08}.Release|Any CPU.Build.0 = Release|Any CPU
		{5C430FF8-F619-438D-B849-80AB309153D0}.Debug|Any CPU.ActiveCfg = Debug|Any CPU
		{5C430FF8-F619-438D-B849-80AB309153D0}.Debug|Any CPU.Build.0 = Debug|Any CPU
		{5C430FF8-F619-438D-B849-80AB309153D0}.Release|Any CPU.ActiveCfg = Release|Any CPU
		{5C430FF8-F619-438D-B849-80AB309153D0}.Release|Any CPU.Build.0 = Release|Any CPU
		{57731630-5BBD-4A41-B7BE-B88DEE5BC211}.Debug|Any CPU.ActiveCfg = Debug|Any CPU
		{57731630-5BBD-4A41-B7BE-B88DEE5BC211}.Debug|Any CPU.Build.0 = Debug|Any CPU
		{57731630-5BBD-4A41-B7BE-B88DEE5BC211}.Release|Any CPU.ActiveCfg = Release|Any CPU
		{57731630-5BBD-4A41-B7BE-B88DEE5BC211}.Release|Any CPU.Build.0 = Release|Any CPU
		{8E31333C-B479-4091-A9EE-3A18DC6E2251}.Debug|Any CPU.ActiveCfg = Debug|Any CPU
		{8E31333C-B479-4091-A9EE-3A18DC6E2251}.Debug|Any CPU.Build.0 = Debug|Any CPU
		{8E31333C-B479-4091-A9EE-3A18DC6E2251}.Release|Any CPU.ActiveCfg = Release|Any CPU
		{8E31333C-B479-4091-A9EE-3A18DC6E2251}.Release|Any CPU.Build.0 = Release|Any CPU
	EndGlobalSection
	GlobalSection(SolutionProperties) = preSolution
		HideSolutionNode = FALSE
	EndGlobalSection
	GlobalSection(ExtensibilityGlobals) = postSolution
		SolutionGuid = {3AA916C6-B6FC-4337-ACC8-B042BD0DBF8E}
	EndGlobalSection
EndGlobal
